
Microsoft Visual Studio Solution File, Format Version 12.00
# Visual Studio Version 17
VisualStudioVersion = 17.8.34330.188
MinimumVisualStudioVersion = 10.0.40219.1
Project("{FAE04EC0-301F-11D3-BF4B-00C04F79EFBC}") = "ExtBlazor.Demo", "ExtBlazor.Demo\ExtBlazor.Demo\ExtBlazor.Demo.csproj", "{6B8212F9-5C53-4535-BBE9-1FB66382A2F4}"
EndProject
Project("{FAE04EC0-301F-11D3-BF4B-00C04F79EFBC}") = "ExtBlazor.Demo.Client", "ExtBlazor.Demo\ExtBlazor.Demo.Client\ExtBlazor.Demo.Client.csproj", "{8CBB71A2-B5A5-40F6-886D-062AECFF998A}"
EndProject
Project("{FAE04EC0-301F-11D3-BF4B-00C04F79EFBC}") = "ExtBlazor.Core", "ExtBlazor.Core\ExtBlazor.Core.csproj", "{08DC4A80-EBB6-4E0D-A97E-784965648BE7}"
EndProject
Project("{2150E333-8FDC-42A3-9474-1A3956D46DE8}") = "Components", "Components", "{6E4BD9ED-79B6-430D-B886-29B8CA138715}"
EndProject
Project("{2150E333-8FDC-42A3-9474-1A3956D46DE8}") = "Demo", "Demo", "{C5031986-607C-4936-B42F-7A38DADBE2DE}"
EndProject
Global
	GlobalSection(SolutionConfigurationPlatforms) = preSolution
		Debug|Any CPU = Debug|Any CPU
		Release|Any CPU = Release|Any CPU
	EndGlobalSection
	GlobalSection(ProjectConfigurationPlatforms) = postSolution
		{6B8212F9-5C53-4535-BBE9-1FB66382A2F4}.Debug|Any CPU.ActiveCfg = Debug|Any CPU
		{6B8212F9-5C53-4535-BBE9-1FB66382A2F4}.Debug|Any CPU.Build.0 = Debug|Any CPU
		{6B8212F9-5C53-4535-BBE9-1FB66382A2F4}.Release|Any CPU.ActiveCfg = Release|Any CPU
		{6B8212F9-5C53-4535-BBE9-1FB66382A2F4}.Release|Any CPU.Build.0 = Release|Any CPU
		{8CBB71A2-B5A5-40F6-886D-062AECFF998A}.Debug|Any CPU.ActiveCfg = Debug|Any CPU
		{8CBB71A2-B5A5-40F6-886D-062AECFF998A}.Debug|Any CPU.Build.0 = Debug|Any CPU
		{8CBB71A2-B5A5-40F6-886D-062AECFF998A}.Release|Any CPU.ActiveCfg = Release|Any CPU
		{8CBB71A2-B5A5-40F6-886D-062AECFF998A}.Release|Any CPU.Build.0 = Release|Any CPU
		{08DC4A80-EBB6-4E0D-A97E-784965648BE7}.Debug|Any CPU.ActiveCfg = Debug|Any CPU
		{08DC4A80-EBB6-4E0D-A97E-784965648BE7}.Debug|Any CPU.Build.0 = Debug|Any CPU
		{08DC4A80-EBB6-4E0D-A97E-784965648BE7}.Release|Any CPU.ActiveCfg = Release|Any CPU
		{08DC4A80-EBB6-4E0D-A97E-784965648BE7}.Release|Any CPU.Build.0 = Release|Any CPU
	EndGlobalSection
	GlobalSection(SolutionProperties) = preSolution
		HideSolutionNode = FALSE
	EndGlobalSection
	GlobalSection(NestedProjects) = preSolution
		{6B8212F9-5C53-4535-BBE9-1FB66382A2F4} = {C5031986-607C-4936-B42F-7A38DADBE2DE}
		{8CBB71A2-B5A5-40F6-886D-062AECFF998A} = {C5031986-607C-4936-B42F-7A38DADBE2DE}
		{08DC4A80-EBB6-4E0D-A97E-784965648BE7} = {6E4BD9ED-79B6-430D-B886-29B8CA138715}
	EndGlobalSection
	GlobalSection(ExtensibilityGlobals) = postSolution
		SolutionGuid = {D0756067-DC2E-41F0-A1B9-6D4D701B5B74}
	EndGlobalSection
EndGlobal
